<?xml version="1.0" encoding="utf-8"?>
<Project ToolsVersion="4.0" xmlns="http://schemas.microsoft.com/developer/msbuild/2003">
  <ItemGroup>
    <Filter Include="Source Files">
      <UniqueIdentifier>{4FC737F1-C7A5-4376-A066-2A32D752A2FF}</UniqueIdentifier>
      <Extensions>cpp;c;cc;cxx;def;odl;idl;hpj;bat;asm;asmx</Extensions>
    </Filter>
    <Filter Include="Header Files">
      <UniqueIdentifier>{93995380-89BD-4b04-88EB-625FBE52EBFB}</UniqueIdentifier>
      <Extensions>h;hpp;hxx;hm;inl;inc;xsd</Extensions>
    </Filter>
    <Filter Include="Resource Files">
      <UniqueIdentifier>{67DA6AB6-F800-4c08-8B7A-83BB121AAD01}</UniqueIdentifier>
      <Extensions>rc;ico;cur;bmp;dlg;rc2;rct;bin;rgs;gif;jpg;jpeg;jpe;resx;tiff;tif;png;wav;mfcribbon-ms</Extensions>
    </Filter>
    <Filter Include="Header Files\dx9">
      <UniqueIdentifier>{6bb2706a-9a26-4df0-8414-4542dd00d5d7}</UniqueIdentifier>
    </Filter>
    <Filter Include="Header Files\dx9\include">
      <UniqueIdentifier>{bb5c44a0-410e-410e-b344-9ceb89a8523b}</UniqueIdentifier>
    </Filter>
    <Filter Include="Header Files\ifcengine">
      <UniqueIdentifier>{5f99fee3-3238-467e-8ea7-fdc3c9d39bfc}</UniqueIdentifier>
    </Filter>
    <Filter Include="Header Files\ifcengine\include">
      <UniqueIdentifier>{ffdca079-1d28-4b8d-b9c4-cb507346f2c3}</UniqueIdentifier>
    </Filter>
  </ItemGroup>
  <ItemGroup>
    <None Include="ReadMe.txt" />
    <None Include="ifcviewer.reg" />
    <None Include="res\ifcviewer.rc2">
      <Filter>Resource Files</Filter>
    </None>
    <None Include="res\ifcviewerDoc.ico">
      <Filter>Resource Files</Filter>
    </None>
    <None Include="res\ifcviewer.ico">
      <Filter>Resource Files</Filter>
    </None>
    <None Include="res\none.bmp">
      <Filter>Resource Files</Filter>
    </None>
    <None Include="res\bitmap2.bmp">
      <Filter>Resource Files</Filter>
    </None>
    <None Include="res\property.bmp">
      <Filter>Resource Files</Filter>
    </None>
    <None Include="res\propertySet.bmp">
      <Filter>Resource Files</Filter>
    </None>
    <None Include="res\selectedAll.bmp">
      <Filter>Resource Files</Filter>
    </None>
    <None Include="res\selectedNone.bmp">
      <Filter>Resource Files</Filter>
    </None>
    <None Include="res\selectedPart.bmp">
      <Filter>Resource Files</Filter>
    </None>
    <None Include="UpdateIfcEngine.bat" />
  </ItemGroup>
  <ItemGroup>
    <ClInclude Include="ifcviewer.h">
      <Filter>Header Files</Filter>
    </ClInclude>
    <ClInclude Include="stdafx.h">
      <Filter>Header Files</Filter>
    </ClInclude>
    <ClInclude Include="targetver.h">
      <Filter>Header Files</Filter>
    </ClInclude>
    <ClInclude Include="MainFrm.h">
      <Filter>Header Files</Filter>
    </ClInclude>
    <ClInclude Include="ifcviewerDoc.h">
      <Filter>Header Files</Filter>
    </ClInclude>
    <ClInclude Include="ifcviewerView.h">
      <Filter>Header Files</Filter>
    </ClInclude>
    <ClInclude Include="Resource.h">
      <Filter>Header Files</Filter>
    </ClInclude>
    <ClInclude Include="dx9\include\d3d9.h">
      <Filter>Header Files\dx9\include</Filter>
    </ClInclude>
    <ClInclude Include="dx9\include\d3dx9.h">
      <Filter>Header Files\dx9\include</Filter>
    </ClInclude>
    <ClInclude Include="ifcengine\include\engdef.h">
      <Filter>Header Files\ifcengine\include</Filter>
    </ClInclude>
    <ClInclude Include="ifcengine\include\engine.h">
      <Filter>Header Files\ifcengine\include</Filter>
    </ClInclude>
    <ClInclude Include="ifcengine\include\ifcengine.h">
      <Filter>Header Files\ifcengine\include</Filter>
    </ClInclude>
    <ClInclude Include="RightPane.h">
      <Filter>Header Files</Filter>
    </ClInclude>
    <ClInclude Include="LeftPane.h">
      <Filter>Header Files</Filter>
    </ClInclude>
    <ClInclude Include="camera.h">
      <Filter>Header Files</Filter>
    </ClInclude>
    <ClInclude Include="generic.h">
      <Filter>Header Files</Filter>
    </ClInclude>
    <ClInclude Include="GenericTreeItem.h">
      <Filter>Header Files</Filter>
    </ClInclude>
    <ClInclude Include="headerInfo.h">
      <Filter>Header Files</Filter>
    </ClInclude>
    <ClInclude Include="IFCEngineInteract.h">
      <Filter>Header Files</Filter>
    </ClInclude>
    <ClInclude Include="unit.h">
      <Filter>Header Files</Filter>
    </ClInclude>
    <ClInclude Include="vector.h">
      <Filter>Header Files</Filter>
    </ClInclude>
    <ClInclude Include="ProgressWnd.h">
      <Filter>Header Files</Filter>
    </ClInclude>
    <ClInclude Include="material.h">
      <Filter>Header Files</Filter>
    </ClInclude>
    <ClInclude Include="stringCreation.h">
      <Filter>Header Files</Filter>
    </ClInclude>
    <ClInclude Include="treeitems.h">
      <Filter>Header Files</Filter>
    </ClInclude>
    <ClInclude Include="containsdecomposedby.h">
      <Filter>Header Files</Filter>
    </ClInclude>
    <ClInclude Include="DesignTree.h">
      <Filter>Header Files</Filter>
    </ClInclude>
    <ClInclude Include="IfcSiteTranslation.h">
      <Filter>Header Files</Filter>
    </ClInclude>
    <ClInclude Include="ModelCheckDlg.h">
      <Filter>Header Files</Filter>
    </ClInclude>
  </ItemGroup>
  <ItemGroup>
    <ClCompile Include="ifcviewer.cpp">
      <Filter>Source Files</Filter>
    </ClCompile>
    <ClCompile Include="stdafx.cpp">
      <Filter>Source Files</Filter>
    </ClCompile>
    <ClCompile Include="MainFrm.cpp">
      <Filter>Source Files</Filter>
    </ClCompile>
    <ClCompile Include="ifcviewerDoc.cpp">
      <Filter>Source Files</Filter>
    </ClCompile>
    <ClCompile Include="ifcviewerView.cpp">
      <Filter>Source Files</Filter>
    </ClCompile>
    <ClCompile Include="RightPane.cpp">
      <Filter>Source Files</Filter>
    </ClCompile>
    <ClCompile Include="LeftPane.cpp">
      <Filter>Source Files</Filter>
    </ClCompile>
    <ClCompile Include="camera.cpp">
      <Filter>Source Files</Filter>
    </ClCompile>
    <ClCompile Include="generic.cpp">
      <Filter>Source Files</Filter>
    </ClCompile>
    <ClCompile Include="GenericTreeItem.cpp">
      <Filter>Source Files</Filter>
    </ClCompile>
    <ClCompile Include="headerInfo.cpp">
      <Filter>Source Files</Filter>
    </ClCompile>
    <ClCompile Include="IFCEngineInteract.cpp">
      <Filter>Source Files</Filter>
    </ClCompile>
    <ClCompile Include="unit.cpp">
      <Filter>Source Files</Filter>
    </ClCompile>
    <ClCompile Include="vector.cpp">
      <Filter>Source Files</Filter>
    </ClCompile>
    <ClCompile Include="ProgressWnd.cpp">
      <Filter>Source Files</Filter>
    </ClCompile>
    <ClCompile Include="material.cpp">
      <Filter>Source Files</Filter>
    </ClCompile>
    <ClCompile Include="stringCreation.cpp">
      <Filter>Source Files</Filter>
    </ClCompile>
    <ClCompile Include="treeitems.cpp">
      <Filter>Source Files</Filter>
    </ClCompile>
    <ClCompile Include="containsdecomposedby.cpp">
      <Filter>Source Files</Filter>
    </ClCompile>
    <ClCompile Include="DesignTree.cpp">
      <Filter>Source Files</Filter>
    </ClCompile>
    <ClCompile Include="IfcSiteTranslation.cpp">
      <Filter>Header Files</Filter>
    </ClCompile>
    <ClCompile Include="ModelCheckDlg.cpp">
      <Filter>Source Files</Filter>
    </ClCompile>
  </ItemGroup>
  <ItemGroup>
    <ResourceCompile Include="ifcviewer.rc">
      <Filter>Resource Files</Filter>
    </ResourceCompile>
  </ItemGroup>
</Project>