<?xml version="1.0" encoding="utf-8"?>
<Project ToolsVersion="4.0" xmlns="http://schemas.microsoft.com/developer/msbuild/2003">
  <ItemGroup>
    <Filter Include="Source Files">
      <UniqueIdentifier>{4FC737F1-C7A5-4376-A066-2A32D752A2FF}</UniqueIdentifier>
      <Extensions>cpp;c;cc;cxx;c++;cppm;ixx;def;odl;idl;hpj;bat;asm;asmx</Extensions>
    </Filter>
    <Filter Include="Header Files">
      <UniqueIdentifier>{93995380-89BD-4b04-88EB-625FBE52EBFB}</UniqueIdentifier>
      <Extensions>h;hh;hpp;hxx;h++;hm;inl;inc;ipp;xsd</Extensions>
    </Filter>
    <Filter Include="Resource Files">
      <UniqueIdentifier>{67DA6AB6-F800-4c08-8B7A-83BB121AAD01}</UniqueIdentifier>
      <Extensions>rc;ico;cur;bmp;dlg;rc2;rct;bin;rgs;gif;jpg;jpeg;jpe;resx;tiff;tif;png;wav;mfcribbon-ms</Extensions>
    </Filter>
    <Filter Include="Parser">
      <UniqueIdentifier>{415f7ceb-5d8f-4339-b7d6-4d4839b7ad34}</UniqueIdentifier>
    </Filter>
    <Filter Include="CHEK">
      <UniqueIdentifier>{849620f8-903c-4159-b19c-391fee6fbe10}</UniqueIdentifier>
    </Filter>
  </ItemGroup>
  <ItemGroup>
    <ClCompile Include="main.cpp">
      <Filter>Source Files</Filter>
    </ClCompile>
    <ClCompile Include="parser\_reader.cpp">
      <Filter>Parser</Filter>
    </ClCompile>
    <ClCompile Include="parser\_serialization.cpp">
      <Filter>Parser</Filter>
    </ClCompile>
    <ClCompile Include="parser\_xml.cpp">
      <Filter>Parser</Filter>
    </ClCompile>
    <ClCompile Include="pch.cpp">
      <Filter>Source Files</Filter>
    </ClCompile>
    <ClCompile Include="parser\_net.cpp">
      <Filter>Parser</Filter>
    </ClCompile>
    <ClCompile Include="IDS.cpp">
      <Filter>Source Files</Filter>
    </ClCompile>
    <ClCompile Include="IDSRun.cpp">
      <Filter>Source Files</Filter>
    </ClCompile>
  </ItemGroup>
  <ItemGroup>
    <ClInclude Include="parser\_reader.h">
      <Filter>Parser</Filter>
    </ClInclude>
    <ClInclude Include="parser\_serialization.h">
      <Filter>Parser</Filter>
    </ClInclude>
    <ClInclude Include="parser\_xml.h">
      <Filter>Parser</Filter>
    </ClInclude>
    <ClInclude Include="pch.h">
      <Filter>Header Files</Filter>
    </ClInclude>
    <ClInclude Include="parser\_errors.h">
      <Filter>Parser</Filter>
    </ClInclude>
    <ClInclude Include="parser\_net.h">
      <Filter>Parser</Filter>
    </ClInclude>
    <ClInclude Include="parser\_string.h">
      <Filter>Parser</Filter>
    </ClInclude>
    <ClInclude Include="IDS.h">
      <Filter>Header Files</Filter>
    </ClInclude>
    <ClInclude Include="parser\_io.h">
      <Filter>Parser</Filter>
    </ClInclude>
    <ClInclude Include="parser\_log.h">
      <Filter>Parser</Filter>
    </ClInclude>
    <ClInclude Include="parser\_schema_storage.h">
      <Filter>Parser</Filter>
    </ClInclude>
    <ClInclude Include="parser\_time.h">
      <Filter>Parser</Filter>
    </ClInclude>
    <ClInclude Include="IDSRun.h">
      <Filter>Header Files</Filter>
    </ClInclude>
  </ItemGroup>
  <ItemGroup>
    <None Include="CHEK\CHEK.ids">
      <Filter>CHEK</Filter>
    </None>
    <None Include="CHEK\fail-building-wall.ifc">
      <Filter>CHEK</Filter>
    </None>
    <None Include="CHEK\fail-slab-boundaries.ifc">
      <Filter>CHEK</Filter>
    </None>
    <None Include="CHEK\pass.ifc">
      <Filter>CHEK</Filter>
    </None>
    <None Include="CHEK\CHEK_Ascoli_Piceno.ids">
      <Filter>CHEK</Filter>
    </None>
    <None Include="CHEK\CHEK_Lisbon.ids">
      <Filter>CHEK</Filter>
    </None>
    <None Include="CHEK\CHEK_Prague.ids">
      <Filter>CHEK</Filter>
    </None>
  </ItemGroup>
  <ItemGroup>
    <Xml Include="CHEK\CHEK_common.xml">
      <Filter>CHEK</Filter>
    </Xml>
  </ItemGroup>
  <ItemGroup>
    <Xsd Include="..\..\..\buildingSMART\IDS\Schema\ids.xsd">
      <Filter>CHEK</Filter>
    </Xsd>
  </ItemGroup>
</Project>